
Microsoft Visual Studio Solution File, Format Version 12.00
# Visual Studio Version 17
VisualStudioVersion = 17.7.34202.233
MinimumVisualStudioVersion = 10.0.40219.1
Project("{FAE04EC0-301F-11D3-BF4B-00C04F79EFBC}") = "BankoChloe", "BankoChloe\BankoChloe.csproj", "{ECADB240-95D3-4957-8B92-DD30C0F09E38}"
EndProject
Global
	GlobalSection(SolutionConfigurationPlatforms) = preSolution
		Debug|Any CPU = Debug|Any CPU
		Release|Any CPU = Release|Any CPU
	EndGlobalSection
	GlobalSection(ProjectConfigurationPlatforms) = postSolution
		{ECADB240-95D3-4957-8B92-DD30C0F09E38}.Debug|Any CPU.ActiveCfg = Debug|Any CPU
		{ECADB240-95D3-4957-8B92-DD30C0F09E38}.Debug|Any CPU.Build.0 = Debug|Any CPU
		{ECADB240-95D3-4957-8B92-DD30C0F09E38}.Release|Any CPU.ActiveCfg = Release|Any CPU
		{ECADB240-95D3-4957-8B92-DD30C0F09E38}.Release|Any CPU.Build.0 = Release|Any CPU
	EndGlobalSection
	GlobalSection(SolutionProperties) = preSolution
		HideSolutionNode = FALSE
	EndGlobalSection
	GlobalSection(ExtensibilityGlobals) = postSolution
		SolutionGuid = {67DE1DC3-E78E-4CF2-8A9C-16AB99E35D68}
	EndGlobalSection
EndGlobal
